// !$*UTF8*$!
{
	archiveVersion = 1;
	classes = {
	};
	objectVersion = 55;
	objects = {

/* Begin PBXBuildFile section */
		E1435FF0287AADB300A330C3 /* AppDelegate.swift in Sources */ = {isa = PBXBuildFile; fileRef = E1435FEF287AADB300A330C3 /* AppDelegate.swift */; };
		E1435FF2287AADB300A330C3 /* SceneDelegate.swift in Sources */ = {isa = PBXBuildFile; fileRef = E1435FF1287AADB300A330C3 /* SceneDelegate.swift */; };
		E1435FF4287AADB300A330C3 /* ViewController.swift in Sources */ = {isa = PBXBuildFile; fileRef = E1435FF3287AADB300A330C3 /* ViewController.swift */; };
		E1435FF7287AADB300A330C3 /* Main.storyboard in Resources */ = {isa = PBXBuildFile; fileRef = E1435FF5287AADB300A330C3 /* Main.storyboard */; };
		E1435FF9287AADB500A330C3 /* Assets.xcassets in Resources */ = {isa = PBXBuildFile; fileRef = E1435FF8287AADB500A330C3 /* Assets.xcassets */; };
		E1435FFC287AADB500A330C3 /* LaunchScreen.storyboard in Resources */ = {isa = PBXBuildFile; fileRef = E1435FFA287AADB500A330C3 /* LaunchScreen.storyboard */; };
		E1436007287AADB600A330C3 /* UnitTestsTests.swift in Sources */ = {isa = PBXBuildFile; fileRef = E1436006287AADB600A330C3 /* UnitTestsTests.swift */; };
		E1436011287AADB600A330C3 /* UnitTestsUITests.swift in Sources */ = {isa = PBXBuildFile; fileRef = E1436010287AADB600A330C3 /* UnitTestsUITests.swift */; };
		E1436013287AADB600A330C3 /* UnitTestsUITestsLaunchTests.swift in Sources */ = {isa = PBXBuildFile; fileRef = E1436012287AADB600A330C3 /* UnitTestsUITestsLaunchTests.swift */; };
/* End PBXBuildFile section */

/* Begin PBXContainerItemProxy section */
		E1436003287AADB600A330C3 /* PBXContainerItemProxy */ = {
			isa = PBXContainerItemProxy;
			containerPortal = E1435FE4287AADB300A330C3 /* Project object */;
			proxyType = 1;
			remoteGlobalIDString = E1435FEB287AADB300A330C3;
			remoteInfo = UnitTests;
		};
		E143600D287AADB600A330C3 /* PBXContainerItemProxy */ = {
			isa = PBXContainerItemProxy;
			containerPortal = E1435FE4287AADB300A330C3 /* Project object */;
			proxyType = 1;
			remoteGlobalIDString = E1435FEB287AADB300A330C3;
			remoteInfo = UnitTests;
		};
/* End PBXContainerItemProxy section */

/* Begin PBXFileReference section */
		E1435FEC287AADB300A330C3 /* UnitTests.app */ = {isa = PBXFileReference; explicitFileType = wrapper.application; includeInIndex = 0; path = UnitTests.app; sourceTree = BUILT_PRODUCTS_DIR; };
		E1435FEF287AADB300A330C3 /* AppDelegate.swift */ = {isa = PBXFileReference; lastKnownFileType = sourcecode.swift; path = AppDelegate.swift; sourceTree = "<group>"; };
		E1435FF1287AADB300A330C3 /* SceneDelegate.swift */ = {isa = PBXFileReference; lastKnownFileType = sourcecode.swift; path = SceneDelegate.swift; sourceTree = "<group>"; };
		E1435FF3287AADB300A330C3 /* ViewController.swift */ = {isa = PBXFileReference; lastKnownFileType = sourcecode.swift; path = ViewController.swift; sourceTree = "<group>"; };
		E1435FF6287AADB300A330C3 /* Base */ = {isa = PBXFileReference; lastKnownFileType = file.storyboard; name = Base; path = Base.lproj/Main.storyboard; sourceTree = "<group>"; };
		E1435FF8287AADB500A330C3 /* Assets.xcassets */ = {isa = PBXFileReference; lastKnownFileType = folder.assetcatalog; path = Assets.xcassets; sourceTree = "<group>"; };
		E1435FFB287AADB500A330C3 /* Base */ = {isa = PBXFileReference; lastKnownFileType = file.storyboard; name = Base; path = Base.lproj/LaunchScreen.storyboard; sourceTree = "<group>"; };
		E1435FFD287AADB500A330C3 /* Info.plist */ = {isa = PBXFileReference; lastKnownFileType = text.plist.xml; path = Info.plist; sourceTree = "<group>"; };
		E1436002287AADB600A330C3 /* UnitTestsTests.xctest */ = {isa = PBXFileReference; explicitFileType = wrapper.cfbundle; includeInIndex = 0; path = UnitTestsTests.xctest; sourceTree = BUILT_PRODUCTS_DIR; };
		E1436006287AADB600A330C3 /* UnitTestsTests.swift */ = {isa = PBXFileReference; lastKnownFileType = sourcecode.swift; path = UnitTestsTests.swift; sourceTree = "<group>"; };
		E143600C287AADB600A330C3 /* UnitTestsUITests.xctest */ = {isa = PBXFileReference; explicitFileType = wrapper.cfbundle; includeInIndex = 0; path = UnitTestsUITests.xctest; sourceTree = BUILT_PRODUCTS_DIR; };
		E1436010287AADB600A330C3 /* UnitTestsUITests.swift */ = {isa = PBXFileReference; lastKnownFileType = sourcecode.swift; path = UnitTestsUITests.swift; sourceTree = "<group>"; };
		E1436012287AADB600A330C3 /* UnitTestsUITestsLaunchTests.swift */ = {isa = PBXFileReference; lastKnownFileType = sourcecode.swift; path = UnitTestsUITestsLaunchTests.swift; sourceTree = "<group>"; };
/* End PBXFileReference section */

/* Begin PBXFrameworksBuildPhase section */
		E1435FE9287AADB300A330C3 /* Frameworks */ = {
			isa = PBXFrameworksBuildPhase;
			buildActionMask = 2147483647;
			files = (
			);
			runOnlyForDeploymentPostprocessing = 0;
		};
		E1435FFF287AADB600A330C3 /* Frameworks */ = {
			isa = PBXFrameworksBuildPhase;
			buildActionMask = 2147483647;
			files = (
			);
			runOnlyForDeploymentPostprocessing = 0;
		};
		E1436009287AADB600A330C3 /* Frameworks */ = {
			isa = PBXFrameworksBuildPhase;
			buildActionMask = 2147483647;
			files = (
			);
			runOnlyForDeploymentPostprocessing = 0;
		};
/* End PBXFrameworksBuildPhase section */

/* Begin PBXGroup section */
		E1435FE3287AADB300A330C3 = {
			isa = PBXGroup;
			children = (
				E1435FEE287AADB300A330C3 /* UnitTests */,
				E1436005287AADB600A330C3 /* UnitTestsTests */,
				E143600F287AADB600A330C3 /* UnitTestsUITests */,
				E1435FED287AADB300A330C3 /* Products */,
			);
			sourceTree = "<group>";
		};
		E1435FED287AADB300A330C3 /* Products */ = {
			isa = PBXGroup;
			children = (
				E1435FEC287AADB300A330C3 /* UnitTests.app */,
				E1436002287AADB600A330C3 /* UnitTestsTests.xctest */,
				E143600C287AADB600A330C3 /* UnitTestsUITests.xctest */,
			);
			name = Products;
			sourceTree = "<group>";
		};
		E1435FEE287AADB300A330C3 /* UnitTests */ = {
			isa = PBXGroup;
			children = (
				E1435FEF287AADB300A330C3 /* AppDelegate.swift */,
				E1435FF1287AADB300A330C3 /* SceneDelegate.swift */,
				E1435FF3287AADB300A330C3 /* ViewController.swift */,
				E1435FF5287AADB300A330C3 /* Main.storyboard */,
				E1435FF8287AADB500A330C3 /* Assets.xcassets */,
				E1435FFA287AADB500A330C3 /* LaunchScreen.storyboard */,
				E1435FFD287AADB500A330C3 /* Info.plist */,
			);
			path = UnitTests;
			sourceTree = "<group>";
		};
		E1436005287AADB600A330C3 /* UnitTestsTests */ = {
			isa = PBXGroup;
			children = (
				E1436006287AADB600A330C3 /* UnitTestsTests.swift */,
			);
			path = UnitTestsTests;
			sourceTree = "<group>";
		};
		E143600F287AADB600A330C3 /* UnitTestsUITests */ = {
			isa = PBXGroup;
			children = (
				E1436010287AADB600A330C3 /* UnitTestsUITests.swift */,
				E1436012287AADB600A330C3 /* UnitTestsUITestsLaunchTests.swift */,
			);
			path = UnitTestsUITests;
			sourceTree = "<group>";
		};
/* End PBXGroup section */

/* Begin PBXNativeTarget section */
		E1435FEB287AADB300A330C3 /* UnitTests */ = {
			isa = PBXNativeTarget;
			buildConfigurationList = E1436016287AADB600A330C3 /* Build configuration list for PBXNativeTarget "UnitTests" */;
			buildPhases = (
				E1435FE8287AADB300A330C3 /* Sources */,
				E1435FE9287AADB300A330C3 /* Frameworks */,
				E1435FEA287AADB300A330C3 /* Resources */,
			);
			buildRules = (
			);
			dependencies = (
			);
			name = UnitTests;
			productName = UnitTests;
			productReference = E1435FEC287AADB300A330C3 /* UnitTests.app */;
			productType = "com.apple.product-type.application";
		};
		E1436001287AADB600A330C3 /* UnitTestsTests */ = {
			isa = PBXNativeTarget;
			buildConfigurationList = E1436019287AADB600A330C3 /* Build configuration list for PBXNativeTarget "UnitTestsTests" */;
			buildPhases = (
				E1435FFE287AADB600A330C3 /* Sources */,
				E1435FFF287AADB600A330C3 /* Frameworks */,
				E1436000287AADB600A330C3 /* Resources */,
			);
			buildRules = (
			);
			dependencies = (
				E1436004287AADB600A330C3 /* PBXTargetDependency */,
			);
			name = UnitTestsTests;
			productName = UnitTestsTests;
			productReference = E1436002287AADB600A330C3 /* UnitTestsTests.xctest */;
			productType = "com.apple.product-type.bundle.unit-test";
		};
		E143600B287AADB600A330C3 /* UnitTestsUITests */ = {
			isa = PBXNativeTarget;
			buildConfigurationList = E143601C287AADB600A330C3 /* Build configuration list for PBXNativeTarget "UnitTestsUITests" */;
			buildPhases = (
				E1436008287AADB600A330C3 /* Sources */,
				E1436009287AADB600A330C3 /* Frameworks */,
				E143600A287AADB600A330C3 /* Resources */,
			);
			buildRules = (
			);
			dependencies = (
				E143600E287AADB600A330C3 /* PBXTargetDependency */,
			);
			name = UnitTestsUITests;
			productName = UnitTestsUITests;
			productReference = E143600C287AADB600A330C3 /* UnitTestsUITests.xctest */;
			productType = "com.apple.product-type.bundle.ui-testing";
		};
/* End PBXNativeTarget section */

/* Begin PBXProject section */
		E1435FE4287AADB300A330C3 /* Project object */ = {
			isa = PBXProject;
			attributes = {
				BuildIndependentTargetsInParallel = 1;
				LastSwiftUpdateCheck = 1340;
				LastUpgradeCheck = 1340;
				TargetAttributes = {
					E1435FEB287AADB300A330C3 = {
						CreatedOnToolsVersion = 13.4;
					};
					E1436001287AADB600A330C3 = {
						CreatedOnToolsVersion = 13.4;
						TestTargetID = E1435FEB287AADB300A330C3;
					};
					E143600B287AADB600A330C3 = {
						CreatedOnToolsVersion = 13.4;
						TestTargetID = E1435FEB287AADB300A330C3;
					};
				};
			};
			buildConfigurationList = E1435FE7287AADB300A330C3 /* Build configuration list for PBXProject "UnitTests" */;
			compatibilityVersion = "Xcode 13.0";
			developmentRegion = en;
			hasScannedForEncodings = 0;
			knownRegions = (
				en,
				Base,
			);
			mainGroup = E1435FE3287AADB300A330C3;
			productRefGroup = E1435FED287AADB300A330C3 /* Products */;
			projectDirPath = "";
			projectRoot = "";
			targets = (
				E1435FEB287AADB300A330C3 /* UnitTests */,
				E1436001287AADB600A330C3 /* UnitTestsTests */,
				E143600B287AADB600A330C3 /* UnitTestsUITests */,
			);
		};
/* End PBXProject section */

/* Begin PBXResourcesBuildPhase section */
		E1435FEA287AADB300A330C3 /* Resources */ = {
			isa = PBXResourcesBuildPhase;
			buildActionMask = 2147483647;
			files = (
				E1435FFC287AADB500A330C3 /* LaunchScreen.storyboard in Resources */,
				E1435FF9287AADB500A330C3 /* Assets.xcassets in Resources */,
				E1435FF7287AADB300A330C3 /* Main.storyboard in Resources */,
			);
			runOnlyForDeploymentPostprocessing = 0;
		};
		E1436000287AADB600A330C3 /* Resources */ = {
			isa = PBXResourcesBuildPhase;
			buildActionMask = 2147483647;
			files = (
			);
			runOnlyForDeploymentPostprocessing = 0;
		};
		E143600A287AADB600A330C3 /* Resources */ = {
			isa = PBXResourcesBuildPhase;
			buildActionMask = 2147483647;
			files = (
			);
			runOnlyForDeploymentPostprocessing = 0;
		};
/* End PBXResourcesBuildPhase section */

/* Begin PBXSourcesBuildPhase section */
		E1435FE8287AADB300A330C3 /* Sources */ = {
			isa = PBXSourcesBuildPhase;
			buildActionMask = 2147483647;
			files = (
				E1435FF4287AADB300A330C3 /* ViewController.swift in Sources */,
				E1435FF0287AADB300A330C3 /* AppDelegate.swift in Sources */,
				E1435FF2287AADB300A330C3 /* SceneDelegate.swift in Sources */,
			);
			runOnlyForDeploymentPostprocessing = 0;
		};
		E1435FFE287AADB600A330C3 /* Sources */ = {
			isa = PBXSourcesBuildPhase;
			buildActionMask = 2147483647;
			files = (
				E1436007287AADB600A330C3 /* UnitTestsTests.swift in Sources */,
			);
			runOnlyForDeploymentPostprocessing = 0;
		};
		E1436008287AADB600A330C3 /* Sources */ = {
			isa = PBXSourcesBuildPhase;
			buildActionMask = 2147483647;
			files = (
				E1436013287AADB600A330C3 /* UnitTestsUITestsLaunchTests.swift in Sources */,
				E1436011287AADB600A330C3 /* UnitTestsUITests.swift in Sources */,
			);
			runOnlyForDeploymentPostprocessing = 0;
		};
/* End PBXSourcesBuildPhase section */

/* Begin PBXTargetDependency section */
		E1436004287AADB600A330C3 /* PBXTargetDependency */ = {
			isa = PBXTargetDependency;
			target = E1435FEB287AADB300A330C3 /* UnitTests */;
			targetProxy = E1436003287AADB600A330C3 /* PBXContainerItemProxy */;
		};
		E143600E287AADB600A330C3 /* PBXTargetDependency */ = {
			isa = PBXTargetDependency;
			target = E1435FEB287AADB300A330C3 /* UnitTests */;
			targetProxy = E143600D287AADB600A330C3 /* PBXContainerItemProxy */;
		};
/* End PBXTargetDependency section */

/* Begin PBXVariantGroup section */
		E1435FF5287AADB300A330C3 /* Main.storyboard */ = {
			isa = PBXVariantGroup;
			children = (
				E1435FF6287AADB300A330C3 /* Base */,
			);
			name = Main.storyboard;
			sourceTree = "<group>";
		};
		E1435FFA287AADB500A330C3 /* LaunchScreen.storyboard */ = {
			isa = PBXVariantGroup;
			children = (
				E1435FFB287AADB500A330C3 /* Base */,
			);
			name = LaunchScreen.storyboard;
			sourceTree = "<group>";
		};
/* End PBXVariantGroup section */

/* Begin XCBuildConfiguration section */
		E1436014287AADB600A330C3 /* Debug */ = {
			isa = XCBuildConfiguration;
			buildSettings = {
				ALWAYS_SEARCH_USER_PATHS = NO;
				CLANG_ANALYZER_NONNULL = YES;
				CLANG_ANALYZER_NUMBER_OBJECT_CONVERSION = YES_AGGRESSIVE;
				CLANG_CXX_LANGUAGE_STANDARD = "gnu++17";
				CLANG_ENABLE_MODULES = YES;
				CLANG_ENABLE_OBJC_ARC = YES;
				CLANG_ENABLE_OBJC_WEAK = YES;
				CLANG_WARN_BLOCK_CAPTURE_AUTORELEASING = YES;
				CLANG_WARN_BOOL_CONVERSION = YES;
				CLANG_WARN_COMMA = YES;
				CLANG_WARN_CONSTANT_CONVERSION = YES;
				CLANG_WARN_DEPRECATED_OBJC_IMPLEMENTATIONS = YES;
				CLANG_WARN_DIRECT_OBJC_ISA_USAGE = YES_ERROR;
				CLANG_WARN_DOCUMENTATION_COMMENTS = YES;
				CLANG_WARN_EMPTY_BODY = YES;
				CLANG_WARN_ENUM_CONVERSION = YES;
				CLANG_WARN_INFINITE_RECURSION = YES;
				CLANG_WARN_INT_CONVERSION = YES;
				CLANG_WARN_NON_LITERAL_NULL_CONVERSION = YES;
				CLANG_WARN_OBJC_IMPLICIT_RETAIN_SELF = YES;
				CLANG_WARN_OBJC_LITERAL_CONVERSION = YES;
				CLANG_WARN_OBJC_ROOT_CLASS = YES_ERROR;
				CLANG_WARN_QUOTED_INCLUDE_IN_FRAMEWORK_HEADER = YES;
				CLANG_WARN_RANGE_LOOP_ANALYSIS = YES;
				CLANG_WARN_STRICT_PROTOTYPES = YES;
				CLANG_WARN_SUSPICIOUS_MOVE = YES;
				CLANG_WARN_UNGUARDED_AVAILABILITY = YES_AGGRESSIVE;
				CLANG_WARN_UNREACHABLE_CODE = YES;
				CLANG_WARN__DUPLICATE_METHOD_MATCH = YES;
				COPY_PHASE_STRIP = NO;
				DEBUG_INFORMATION_FORMAT = dwarf;
				ENABLE_STRICT_OBJC_MSGSEND = YES;
				ENABLE_TESTABILITY = YES;
				GCC_C_LANGUAGE_STANDARD = gnu11;
				GCC_DYNAMIC_NO_PIC = NO;
				GCC_NO_COMMON_BLOCKS = YES;
				GCC_OPTIMIZATION_LEVEL = 0;
				GCC_PREPROCESSOR_DEFINITIONS = (
					"DEBUG=1",
					"$(inherited)",
				);
				GCC_WARN_64_TO_32_BIT_CONVERSION = YES;
				GCC_WARN_ABOUT_RETURN_TYPE = YES_ERROR;
				GCC_WARN_UNDECLARED_SELECTOR = YES;
				GCC_WARN_UNINITIALIZED_AUTOS = YES_AGGRESSIVE;
				GCC_WARN_UNUSED_FUNCTION = YES;
				GCC_WARN_UNUSED_VARIABLE = YES;
				IPHONEOS_DEPLOYMENT_TARGET = 15.5;
				MTL_ENABLE_DEBUG_INFO = INCLUDE_SOURCE;
				MTL_FAST_MATH = YES;
				ONLY_ACTIVE_ARCH = YES;
				SDKROOT = iphoneos;
				SWIFT_ACTIVE_COMPILATION_CONDITIONS = DEBUG;
				SWIFT_OPTIMIZATION_LEVEL = "-Onone";
			};
			name = Debug;
		};
		E1436015287AADB600A330C3 /* Release */ = {
			isa = XCBuildConfiguration;
			buildSettings = {
				ALWAYS_SEARCH_USER_PATHS = NO;
				CLANG_ANALYZER_NONNULL = YES;
				CLANG_ANALYZER_NUMBER_OBJECT_CONVERSION = YES_AGGRESSIVE;
				CLANG_CXX_LANGUAGE_STANDARD = "gnu++17";
				CLANG_ENABLE_MODULES = YES;
				CLANG_ENABLE_OBJC_ARC = YES;
				CLANG_ENABLE_OBJC_WEAK = YES;
				CLANG_WARN_BLOCK_CAPTURE_AUTORELEASING = YES;
				CLANG_WARN_BOOL_CONVERSION = YES;
				CLANG_WARN_COMMA = YES;
				CLANG_WARN_CONSTANT_CONVERSION = YES;
				CLANG_WARN_DEPRECATED_OBJC_IMPLEMENTATIONS = YES;
				CLANG_WARN_DIRECT_OBJC_ISA_USAGE = YES_ERROR;
				CLANG_WARN_DOCUMENTATION_COMMENTS = YES;
				CLANG_WARN_EMPTY_BODY = YES;
				CLANG_WARN_ENUM_CONVERSION = YES;
				CLANG_WARN_INFINITE_RECURSION = YES;
				CLANG_WARN_INT_CONVERSION = YES;
				CLANG_WARN_NON_LITERAL_NULL_CONVERSION = YES;
				CLANG_WARN_OBJC_IMPLICIT_RETAIN_SELF = YES;
				CLANG_WARN_OBJC_LITERAL_CONVERSION = YES;
				CLANG_WARN_OBJC_ROOT_CLASS = YES_ERROR;
				CLANG_WARN_QUOTED_INCLUDE_IN_FRAMEWORK_HEADER = YES;
				CLANG_WARN_RANGE_LOOP_ANALYSIS = YES;
				CLANG_WARN_STRICT_PROTOTYPES = YES;
				CLANG_WARN_SUSPICIOUS_MOVE = YES;
				CLANG_WARN_UNGUARDED_AVAILABILITY = YES_AGGRESSIVE;
				CLANG_WARN_UNREACHABLE_CODE = YES;
				CLANG_WARN__DUPLICATE_METHOD_MATCH = YES;
				COPY_PHASE_STRIP = NO;
				DEBUG_INFORMATION_FORMAT = "dwarf-with-dsym";
				ENABLE_NS_ASSERTIONS = NO;
				ENABLE_STRICT_OBJC_MSGSEND = YES;
				GCC_C_LANGUAGE_STANDARD = gnu11;
				GCC_NO_COMMON_BLOCKS = YES;
				GCC_WARN_64_TO_32_BIT_CONVERSION = YES;
				GCC_WARN_ABOUT_RETURN_TYPE = YES_ERROR;
				GCC_WARN_UNDECLARED_SELECTOR = YES;
				GCC_WARN_UNINITIALIZED_AUTOS = YES_AGGRESSIVE;
				GCC_WARN_UNUSED_FUNCTION = YES;
				GCC_WARN_UNUSED_VARIABLE = YES;
				IPHONEOS_DEPLOYMENT_TARGET = 15.5;
				MTL_ENABLE_DEBUG_INFO = NO;
				MTL_FAST_MATH = YES;
				SDKROOT = iphoneos;
				SWIFT_COMPILATION_MODE = wholemodule;
				SWIFT_OPTIMIZATION_LEVEL = "-O";
				VALIDATE_PRODUCT = YES;
			};
			name = Release;
		};
		E1436017287AADB600A330C3 /* Debug */ = {
			isa = XCBuildConfiguration;
			buildSettings = {
				ASSETCATALOG_COMPILER_APPICON_NAME = AppIcon;
				ASSETCATALOG_COMPILER_GLOBAL_ACCENT_COLOR_NAME = AccentColor;
				CODE_SIGN_STYLE = Automatic;
				CURRENT_PROJECT_VERSION = 1;
				DEVELOPMENT_TEAM = R4G74AF442;
				GENERATE_INFOPLIST_FILE = YES;
				INFOPLIST_FILE = UnitTests/Info.plist;
				INFOPLIST_KEY_UIApplicationSupportsIndirectInputEvents = YES;
				INFOPLIST_KEY_UILaunchStoryboardName = LaunchScreen;
				INFOPLIST_KEY_UIMainStoryboardFile = Main;
				INFOPLIST_KEY_UISupportedInterfaceOrientations_iPad = "UIInterfaceOrientationPortrait UIInterfaceOrientationPortraitUpsideDown UIInterfaceOrientationLandscapeLeft UIInterfaceOrientationLandscapeRight";
				INFOPLIST_KEY_UISupportedInterfaceOrientations_iPhone = "UIInterfaceOrientationPortrait UIInterfaceOrientationLandscapeLeft UIInterfaceOrientationLandscapeRight";
				LD_RUNPATH_SEARCH_PATHS = (
					"$(inherited)",
					"@executable_path/Frameworks",
				);
				MARKETING_VERSION = 1.0;
				PRODUCT_BUNDLE_IDENTIFIER = com.bhooncoding.UnitTests;
				PRODUCT_NAME = "$(TARGET_NAME)";
				SWIFT_EMIT_LOC_STRINGS = YES;
				SWIFT_VERSION = 5.0;
				TARGETED_DEVICE_FAMILY = "1,2";
			};
			name = Debug;
		};
		E1436018287AADB600A330C3 /* Release */ = {
			isa = XCBuildConfiguration;
			buildSettings = {
				ASSETCATALOG_COMPILER_APPICON_NAME = AppIcon;
				ASSETCATALOG_COMPILER_GLOBAL_ACCENT_COLOR_NAME = AccentColor;
				CODE_SIGN_STYLE = Automatic;
				CURRENT_PROJECT_VERSION = 1;
				DEVELOPMENT_TEAM = R4G74AF442;
				GENERATE_INFOPLIST_FILE = YES;
				INFOPLIST_FILE = UnitTests/Info.plist;
				INFOPLIST_KEY_UIApplicationSupportsIndirectInputEvents = YES;
				INFOPLIST_KEY_UILaunchStoryboardName = LaunchScreen;
				INFOPLIST_KEY_UIMainStoryboardFile = Main;
				INFOPLIST_KEY_UISupportedInterfaceOrientations_iPad = "UIInterfaceOrientationPortrait UIInterfaceOrientationPortraitUpsideDown UIInterfaceOrientationLandscapeLeft UIInterfaceOrientationLandscapeRight";
				INFOPLIST_KEY_UISupportedInterfaceOrientations_iPhone = "UIInterfaceOrientationPortrait UIInterfaceOrientationLandscapeLeft UIInterfaceOrientationLandscapeRight";
				LD_RUNPATH_SEARCH_PATHS = (
					"$(inherited)",
					"@executable_path/Frameworks",
				);
				MARKETING_VERSION = 1.0;
				PRODUCT_BUNDLE_IDENTIFIER = com.bhooncoding.UnitTests;
				PRODUCT_NAME = "$(TARGET_NAME)";
				SWIFT_EMIT_LOC_STRINGS = YES;
				SWIFT_VERSION = 5.0;
				TARGETED_DEVICE_FAMILY = "1,2";
			};
			name = Release;
		};
		E143601A287AADB600A330C3 /* Debug */ = {
			isa = XCBuildConfiguration;
			buildSettings = {
				ALWAYS_EMBED_SWIFT_STANDARD_LIBRARIES = YES;
				BUNDLE_LOADER = "$(TEST_HOST)";
				CODE_SIGN_STYLE = Automatic;
				CURRENT_PROJECT_VERSION = 1;
				DEVELOPMENT_TEAM = R4G74AF442;
				GENERATE_INFOPLIST_FILE = YES;
				IPHONEOS_DEPLOYMENT_TARGET = 15.5;
				MARKETING_VERSION = 1.0;
				PRODUCT_BUNDLE_IDENTIFIER = com.bhooncoding.UnitTestsTests;
				PRODUCT_NAME = "$(TARGET_NAME)";
				SWIFT_EMIT_LOC_STRINGS = NO;
				SWIFT_VERSION = 5.0;
				TARGETED_DEVICE_FAMILY = "1,2";
				TEST_HOST = "$(BUILT_PRODUCTS_DIR)/UnitTests.app/UnitTests";
			};
			name = Debug;
		};
		E143601B287AADB600A330C3 /* Release */ = {
			isa = XCBuildConfiguration;
			buildSettings = {
				ALWAYS_EMBED_SWIFT_STANDARD_LIBRARIES = YES;
				BUNDLE_LOADER = "$(TEST_HOST)";
				CODE_SIGN_STYLE = Automatic;
				CURRENT_PROJECT_VERSION = 1;
				DEVELOPMENT_TEAM = R4G74AF442;
				GENERATE_INFOPLIST_FILE = YES;
				IPHONEOS_DEPLOYMENT_TARGET = 15.5;
				MARKETING_VERSION = 1.0;
				PRODUCT_BUNDLE_IDENTIFIER = com.bhooncoding.UnitTestsTests;
				PRODUCT_NAME = "$(TARGET_NAME)";
				SWIFT_EMIT_LOC_STRINGS = NO;
				SWIFT_VERSION = 5.0;
				TARGETED_DEVICE_FAMILY = "1,2";
				TEST_HOST = "$(BUILT_PRODUCTS_DIR)/UnitTests.app/UnitTests";
			};
			name = Release;
		};
		E143601D287AADB600A330C3 /* Debug */ = {
			isa = XCBuildConfiguration;
			buildSettings = {
				ALWAYS_EMBED_SWIFT_STANDARD_LIBRARIES = YES;
				CODE_SIGN_STYLE = Automatic;
				CURRENT_PROJECT_VERSION = 1;
				DEVELOPMENT_TEAM = R4G74AF442;
				GENERATE_INFOPLIST_FILE = YES;
				MARKETING_VERSION = 1.0;
				PRODUCT_BUNDLE_IDENTIFIER = com.bhooncoding.UnitTestsUITests;
				PRODUCT_NAME = "$(TARGET_NAME)";
				SWIFT_EMIT_LOC_STRINGS = NO;
				SWIFT_VERSION = 5.0;
				TARGETED_DEVICE_FAMILY = "1,2";
				TEST_TARGET_NAME = UnitTests;
			};
			name = Debug;
		};
		E143601E287AADB600A330C3 /* Release */ = {
			isa = XCBuildConfiguration;
			buildSettings = {
				ALWAYS_EMBED_SWIFT_STANDARD_LIBRARIES = YES;
				CODE_SIGN_STYLE = Automatic;
				CURRENT_PROJECT_VERSION = 1;
				DEVELOPMENT_TEAM = R4G74AF442;
				GENERATE_INFOPLIST_FILE = YES;
				MARKETING_VERSION = 1.0;
				PRODUCT_BUNDLE_IDENTIFIER = com.bhooncoding.UnitTestsUITests;
				PRODUCT_NAME = "$(TARGET_NAME)";
				SWIFT_EMIT_LOC_STRINGS = NO;
				SWIFT_VERSION = 5.0;
				TARGETED_DEVICE_FAMILY = "1,2";
				TEST_TARGET_NAME = UnitTests;
			};
			name = Release;
		};
/* End XCBuildConfiguration section */

/* Begin XCConfigurationList section */
		E1435FE7287AADB300A330C3 /* Build configuration list for PBXProject "UnitTests" */ = {
			isa = XCConfigurationList;
			buildConfigurations = (
				E1436014287AADB600A330C3 /* Debug */,
				E1436015287AADB600A330C3 /* Release */,
			);
			defaultConfigurationIsVisible = 0;
			defaultConfigurationName = Release;
		};
		E1436016287AADB600A330C3 /* Build configuration list for PBXNativeTarget "UnitTests" */ = {
			isa = XCConfigurationList;
			buildConfigurations = (
				E1436017287AADB600A330C3 /* Debug */,
				E1436018287AADB600A330C3 /* Release */,
			);
			defaultConfigurationIsVisible = 0;
			defaultConfigurationName = Release;
		};
		E1436019287AADB600A330C3 /* Build configuration list for PBXNativeTarget "UnitTestsTests" */ = {
			isa = XCConfigurationList;
			buildConfigurations = (
				E143601A287AADB600A330C3 /* Debug */,
				E143601B287AADB600A330C3 /* Release */,
			);
			defaultConfigurationIsVisible = 0;
			defaultConfigurationName = Release;
		};
		E143601C287AADB600A330C3 /* Build configuration list for PBXNativeTarget "UnitTestsUITests" */ = {
			isa = XCConfigurationList;
			buildConfigurations = (
				E143601D287AADB600A330C3 /* Debug */,
				E143601E287AADB600A330C3 /* Release */,
			);
			defaultConfigurationIsVisible = 0;
			defaultConfigurationName = Release;
		};
/* End XCConfigurationList section */
	};
	rootObject = E1435FE4287AADB300A330C3 /* Project object */;
}
